
Microsoft Visual Studio Solution File, Format Version 12.00
# Visual Studio Version 17
VisualStudioVersion = 17.9.34616.47
MinimumVisualStudioVersion = 10.0.40219.1
Project("{9A19103F-16F7-4668-BE54-9A1E7A4F7556}") = "CadApi", "CadApi\CadApi.csproj", "{643C09EE-9B2C-4E98-A4C9-637DF8C09027}"
EndProject
Project("{9A19103F-16F7-4668-BE54-9A1E7A4F7556}") = "CadBulkSelection", "CadBulkSelection\CadBulkSelection.csproj", "{14B16D8C-0E89-4303-B296-544BEB65B689}"
EndProject
Project("{9A19103F-16F7-4668-BE54-9A1E7A4F7556}") = "BimApiCadLink", "BimApiCadLink\BimApiCadLink.csproj", "{CD4BBCAC-BB99-488A-999E-CAAEBDE8F441}"
EndProject
Global
	GlobalSection(SolutionConfigurationPlatforms) = preSolution
		Debug|Any CPU = Debug|Any CPU
		Release|Any CPU = Release|Any CPU
	EndGlobalSection
	GlobalSection(ProjectConfigurationPlatforms) = postSolution
		{643C09EE-9B2C-4E98-A4C9-637DF8C09027}.Debug|Any CPU.ActiveCfg = Debug|Any CPU
		{643C09EE-9B2C-4E98-A4C9-637DF8C09027}.Debug|Any CPU.Build.0 = Debug|Any CPU
		{643C09EE-9B2C-4E98-A4C9-637DF8C09027}.Release|Any CPU.ActiveCfg = Release|Any CPU
		{643C09EE-9B2C-4E98-A4C9-637DF8C09027}.Release|Any CPU.Build.0 = Release|Any CPU
		{14B16D8C-0E89-4303-B296-544BEB65B689}.Debug|Any CPU.ActiveCfg = Debug|Any CPU
		{14B16D8C-0E89-4303-B296-544BEB65B689}.Debug|Any CPU.Build.0 = Debug|Any CPU
		{14B16D8C-0E89-4303-B296-544BEB65B689}.Release|Any CPU.ActiveCfg = Release|Any CPU
		{14B16D8C-0E89-4303-B296-544BEB65B689}.Release|Any CPU.Build.0 = Release|Any CPU
		{CD4BBCAC-BB99-488A-999E-CAAEBDE8F441}.Debug|Any CPU.ActiveCfg = Debug|Any CPU
		{CD4BBCAC-BB99-488A-999E-CAAEBDE8F441}.Debug|Any CPU.Build.0 = Debug|Any CPU
		{CD4BBCAC-BB99-488A-999E-CAAEBDE8F441}.Release|Any CPU.ActiveCfg = Release|Any CPU
		{CD4BBCAC-BB99-488A-999E-CAAEBDE8F441}.Release|Any CPU.Build.0 = Release|Any CPU
	EndGlobalSection
	GlobalSection(SolutionProperties) = preSolution
		HideSolutionNode = FALSE
	EndGlobalSection
	GlobalSection(ExtensibilityGlobals) = postSolution
		SolutionGuid = {6B57071D-37EA-4928-AA93-8F4EDC5EA117}
	EndGlobalSection
EndGlobal
