
Microsoft Visual Studio Solution File, Format Version 12.00
# Visual Studio Version 17
VisualStudioVersion = 17.9.34616.47
MinimumVisualStudioVersion = 10.0.40219.1
Project("{FAE04EC0-301F-11D3-BF4B-00C04F79EFBC}") = "RcsApiClientConsoleApp", "RcsApiClientConsoleApp\RcsApiClientConsoleApp.csproj", "{4888C240-B064-480A-95AA-A84ABBFEBDB4}"
EndProject
Global
	GlobalSection(SolutionConfigurationPlatforms) = preSolution
		Debug|Any CPU = Debug|Any CPU
		Release|Any CPU = Release|Any CPU
	EndGlobalSection
	GlobalSection(ProjectConfigurationPlatforms) = postSolution
		{4888C240-B064-480A-95AA-A84ABBFEBDB4}.Debug|Any CPU.ActiveCfg = Debug|Any CPU
		{4888C240-B064-480A-95AA-A84ABBFEBDB4}.Debug|Any CPU.Build.0 = Debug|Any CPU
		{4888C240-B064-480A-95AA-A84ABBFEBDB4}.Release|Any CPU.ActiveCfg = Release|Any CPU
		{4888C240-B064-480A-95AA-A84ABBFEBDB4}.Release|Any CPU.Build.0 = Release|Any CPU
	EndGlobalSection
	GlobalSection(SolutionProperties) = preSolution
		HideSolutionNode = FALSE
	EndGlobalSection
	GlobalSection(ExtensibilityGlobals) = postSolution
		SolutionGuid = {C7F33ED8-663F-4E92-A074-9CC63FE162FE}
	EndGlobalSection
EndGlobal
